
Microsoft Visual Studio Solution File, Format Version 12.00
# Visual Studio Version 17
VisualStudioVersion = 17.8.34330.188
MinimumVisualStudioVersion = 10.0.40219.1
Project("{FAE04EC0-301F-11D3-BF4B-00C04F79EFBC}") = "HotelRezervationSystem", "HotelRezervationSystem\HotelRezervationSystem.csproj", "{9E1CE32A-123F-480F-A472-8DEF05F1E4E9}"
EndProject
Project("{FAE04EC0-301F-11D3-BF4B-00C04F79EFBC}") = "EntityLayer", "EntityLayer\EntityLayer.csproj", "{E04A639E-7C4A-41D6-A9BA-623651ADD51C}"
EndProject
Project("{FAE04EC0-301F-11D3-BF4B-00C04F79EFBC}") = "DataAccessLayer", "DataAccessLayer\DataAccessLayer.csproj", "{2BEAB589-FC82-4015-89C2-B06DF557D901}"
EndProject
Project("{FAE04EC0-301F-11D3-BF4B-00C04F79EFBC}") = "BusinessLayer", "BusinessLayer\BusinessLayer.csproj", "{942136B1-B836-41EE-9204-F954DB083BC0}"
EndProject
Global
	GlobalSection(SolutionConfigurationPlatforms) = preSolution
		Debug|Any CPU = Debug|Any CPU
		Release|Any CPU = Release|Any CPU
	EndGlobalSection
	GlobalSection(ProjectConfigurationPlatforms) = postSolution
		{9E1CE32A-123F-480F-A472-8DEF05F1E4E9}.Debug|Any CPU.ActiveCfg = Debug|Any CPU
		{9E1CE32A-123F-480F-A472-8DEF05F1E4E9}.Debug|Any CPU.Build.0 = Debug|Any CPU
		{9E1CE32A-123F-480F-A472-8DEF05F1E4E9}.Release|Any CPU.ActiveCfg = Release|Any CPU
		{9E1CE32A-123F-480F-A472-8DEF05F1E4E9}.Release|Any CPU.Build.0 = Release|Any CPU
		{E04A639E-7C4A-41D6-A9BA-623651ADD51C}.Debug|Any CPU.ActiveCfg = Debug|Any CPU
		{E04A639E-7C4A-41D6-A9BA-623651ADD51C}.Debug|Any CPU.Build.0 = Debug|Any CPU
		{E04A639E-7C4A-41D6-A9BA-623651ADD51C}.Release|Any CPU.ActiveCfg = Release|Any CPU
		{E04A639E-7C4A-41D6-A9BA-623651ADD51C}.Release|Any CPU.Build.0 = Release|Any CPU
		{2BEAB589-FC82-4015-89C2-B06DF557D901}.Debug|Any CPU.ActiveCfg = Debug|Any CPU
		{2BEAB589-FC82-4015-89C2-B06DF557D901}.Debug|Any CPU.Build.0 = Debug|Any CPU
		{2BEAB589-FC82-4015-89C2-B06DF557D901}.Release|Any CPU.ActiveCfg = Release|Any CPU
		{2BEAB589-FC82-4015-89C2-B06DF557D901}.Release|Any CPU.Build.0 = Release|Any CPU
		{942136B1-B836-41EE-9204-F954DB083BC0}.Debug|Any CPU.ActiveCfg = Debug|Any CPU
		{942136B1-B836-41EE-9204-F954DB083BC0}.Debug|Any CPU.Build.0 = Debug|Any CPU
		{942136B1-B836-41EE-9204-F954DB083BC0}.Release|Any CPU.ActiveCfg = Release|Any CPU
		{942136B1-B836-41EE-9204-F954DB083BC0}.Release|Any CPU.Build.0 = Release|Any CPU
	EndGlobalSection
	GlobalSection(SolutionProperties) = preSolution
		HideSolutionNode = FALSE
	EndGlobalSection
	GlobalSection(ExtensibilityGlobals) = postSolution
		SolutionGuid = {0D344C99-2A20-4CB1-91A0-190D05982D3B}
	EndGlobalSection
EndGlobal
